
Microsoft Visual Studio Solution File, Format Version 12.00
# Visual Studio Version 16
VisualStudioVersion = 16.0.29806.167
MinimumVisualStudioVersion = 10.0.40219.1
Project("{FAE04EC0-301F-11D3-BF4B-00C04F79EFBC}") = "Alliai", "Alliai\Alliai.csproj", "{52653E33-CF5C-46F1-8438-4B5AF9999E74}"
EndProject
Project("{FAE04EC0-301F-11D3-BF4B-00C04F79EFBC}") = "Repository", "Repository\Repository.csproj", "{53548566-8721-4DC2-92D2-2D9C87079B57}"
EndProject
Global
	GlobalSection(SolutionConfigurationPlatforms) = preSolution
		Debug|Any CPU = Debug|Any CPU
		Release|Any CPU = Release|Any CPU
	EndGlobalSection
	GlobalSection(ProjectConfigurationPlatforms) = postSolution
		{52653E33-CF5C-46F1-8438-4B5AF9999E74}.Debug|Any CPU.ActiveCfg = Debug|Any CPU
		{52653E33-CF5C-46F1-8438-4B5AF9999E74}.Debug|Any CPU.Build.0 = Debug|Any CPU
		{52653E33-CF5C-46F1-8438-4B5AF9999E74}.Release|Any CPU.ActiveCfg = Release|Any CPU
		{52653E33-CF5C-46F1-8438-4B5AF9999E74}.Release|Any CPU.Build.0 = Release|Any CPU
		{53548566-8721-4DC2-92D2-2D9C87079B57}.Debug|Any CPU.ActiveCfg = Debug|Any CPU
		{53548566-8721-4DC2-92D2-2D9C87079B57}.Debug|Any CPU.Build.0 = Debug|Any CPU
		{53548566-8721-4DC2-92D2-2D9C87079B57}.Release|Any CPU.ActiveCfg = Release|Any CPU
		{53548566-8721-4DC2-92D2-2D9C87079B57}.Release|Any CPU.Build.0 = Release|Any CPU
	EndGlobalSection
	GlobalSection(SolutionProperties) = preSolution
		HideSolutionNode = FALSE
	EndGlobalSection
	GlobalSection(ExtensibilityGlobals) = postSolution
		SolutionGuid = {16B6C310-E516-414A-8CA4-F1BCD64EF845}
	EndGlobalSection
EndGlobal
